
Microsoft Visual Studio Solution File, Format Version 12.00
Project("{FAE04EC0-301F-11D3-BF4B-00C04F79EFBC}") = "MtgParser", "MtgParser\MtgParser.csproj", "{430DB2EA-50E1-4709-8FE4-EE597B31A7C4}"
EndProject
Global
	GlobalSection(SolutionConfigurationPlatforms) = preSolution
		Debug|Any CPU = Debug|Any CPU
		Release|Any CPU = Release|Any CPU
	EndGlobalSection
	GlobalSection(ProjectConfigurationPlatforms) = postSolution
		{430DB2EA-50E1-4709-8FE4-EE597B31A7C4}.Debug|Any CPU.ActiveCfg = Debug|Any CPU
		{430DB2EA-50E1-4709-8FE4-EE597B31A7C4}.Debug|Any CPU.Build.0 = Debug|Any CPU
		{430DB2EA-50E1-4709-8FE4-EE597B31A7C4}.Release|Any CPU.ActiveCfg = Release|Any CPU
		{430DB2EA-50E1-4709-8FE4-EE597B31A7C4}.Release|Any CPU.Build.0 = Release|Any CPU
	EndGlobalSection
EndGlobal
